
Microsoft Visual Studio Solution File, Format Version 12.00
# Visual Studio Version 17
VisualStudioVersion = 17.0.32112.339
MinimumVisualStudioVersion = 10.0.40219.1
Project("{2150E333-8FDC-42A3-9474-1A3956D46DE8}") = "src", "src", "{48D2AC16-D6E2-41C2-BE4E-BD8A7DA1F801}"
EndProject
Project("{2150E333-8FDC-42A3-9474-1A3956D46DE8}") = "Services", "Services", "{51003A93-8A47-4547-B9BB-129BE72389A3}"
EndProject
Project("{2150E333-8FDC-42A3-9474-1A3956D46DE8}") = "BuildingBlocks", "BuildingBlocks", "{420E0716-D022-4263-8ED1-81CC499FDDE7}"
EndProject
Project("{2150E333-8FDC-42A3-9474-1A3956D46DE8}") = "ApiGateways", "ApiGateways", "{67476477-E0E6-44F7-A8D0-E67E93A62D37}"
EndProject
Project("{2150E333-8FDC-42A3-9474-1A3956D46DE8}") = "WebClient.ApiGateway", "WebClient.ApiGateway", "{0F011FE9-E4E4-49D1-963B-F72B60EC8041}"
EndProject
Project("{2150E333-8FDC-42A3-9474-1A3956D46DE8}") = "MobileClient.ApiGateway", "MobileClient.ApiGateway", "{BB44622D-D755-413E-B960-F60C1B938316}"
EndProject
Project("{9A19103F-16F7-4668-BE54-9A1E7A4F7556}") = "MobileClient.ApiGateway", "MobileClient.ApiGateway\MobileClient.ApiGateway.csproj", "{0B75D275-AB15-498C-B819-62B548867310}"
EndProject
Project("{9A19103F-16F7-4668-BE54-9A1E7A4F7556}") = "WebClient.ApiGateway", "WebClient.ApiGateway\WebClient.ApiGateway.csproj", "{95006878-F552-4238-9AAA-B92E29B46880}"
EndProject
Project("{9A19103F-16F7-4668-BE54-9A1E7A4F7556}") = "EventBus.Base", "EventBus.Base\EventBus.Base.csproj", "{7DC40A4E-6FB9-4593-97F8-50B9EFDC5886}"
EndProject
Project("{9A19103F-16F7-4668-BE54-9A1E7A4F7556}") = "EventBus.Factory", "EventBus.Factory\EventBus.Factory.csproj", "{9B4BB57B-5B32-438C-B067-E028EBB1E406}"
EndProject
Project("{9A19103F-16F7-4668-BE54-9A1E7A4F7556}") = "EventBus.RabbitMQ", "EventBus.RabbitMQ\EventBus.RabbitMQ.csproj", "{C02777C8-A8E5-48CD-8B0A-7D787824289E}"
EndProject
Project("{2150E333-8FDC-42A3-9474-1A3956D46DE8}") = "DirectoryService", "DirectoryService", "{901E0FD1-8364-4ACC-82F6-DB8CADD5383E}"
EndProject
Project("{2150E333-8FDC-42A3-9474-1A3956D46DE8}") = "ReportService", "ReportService", "{078838DB-8163-4306-8A20-897908C3FDA6}"
EndProject
Project("{2150E333-8FDC-42A3-9474-1A3956D46DE8}") = "src", "src", "{0EF05482-951C-4BB0-8553-B94D9B952A7F}"
EndProject
Project("{9A19103F-16F7-4668-BE54-9A1E7A4F7556}") = "DirectoryService.Application", "DirectoryService.Application\DirectoryService.Application.csproj", "{2978BAA9-1BA1-43F8-9D9D-6140FDC4A727}"
EndProject
Project("{9A19103F-16F7-4668-BE54-9A1E7A4F7556}") = "DirectoryService.Core", "DirectoryService.Core\DirectoryService.Core.csproj", "{5E1E9448-F123-413C-94DF-E2CDD64DBF4C}"
EndProject
Project("{9A19103F-16F7-4668-BE54-9A1E7A4F7556}") = "DirectoryService.Insfrastructure", "DirectoryService.Insfrastructure\DirectoryService.Insfrastructure.csproj", "{9008FCB6-1175-4065-992D-DFD803FA9940}"
EndProject
Project("{2150E333-8FDC-42A3-9474-1A3956D46DE8}") = "src", "src", "{60BFB11B-EFC2-4909-BD44-9DDC68E643B4}"
EndProject
Project("{9A19103F-16F7-4668-BE54-9A1E7A4F7556}") = "ReportService.Core", "ReportService.Core\ReportService.Core.csproj", "{20C33377-CA6D-4650-AF02-009EB8008DB4}"
EndProject
Project("{9A19103F-16F7-4668-BE54-9A1E7A4F7556}") = "ReportService.Application", "ReportService.Application\ReportService.Application.csproj", "{252E894B-B6E3-4E34-BD7E-9B3FEEDE37F1}"
EndProject
Project("{9A19103F-16F7-4668-BE54-9A1E7A4F7556}") = "ReportService.Insfrastructure", "ReportService.Insfrastructure\ReportService.Insfrastructure.csproj", "{E245A9AA-7913-4A63-B7E3-A34F03BC06AF}"
EndProject
Project("{2150E333-8FDC-42A3-9474-1A3956D46DE8}") = "test", "test", "{B18EBD30-5FD7-421A-A401-D764EB2F6D13}"
EndProject
Project("{2150E333-8FDC-42A3-9474-1A3956D46DE8}") = "BuildingBlocks", "BuildingBlocks", "{B3E468F4-FA8C-411F-B668-333EC79C8241}"
EndProject
Project("{9A19103F-16F7-4668-BE54-9A1E7A4F7556}") = "EventBus.Test", "EventBus.Test\EventBus.Test.csproj", "{A2B95D0A-4269-4564-B6A2-A7FB227FA34C}"
EndProject
Project("{2150E333-8FDC-42A3-9474-1A3956D46DE8}") = "DirectoryService", "DirectoryService", "{985ECF17-86DA-49A3-8BA5-700D40A430B0}"
EndProject
Project("{FAE04EC0-301F-11D3-BF4B-00C04F79EFBC}") = "Application.IntegrationTests", "Application.IntegrationTests\Application.IntegrationTests.csproj", "{4C876944-C200-4515-A8FD-DF9D4D89004A}"
EndProject
Project("{FAE04EC0-301F-11D3-BF4B-00C04F79EFBC}") = "DirectoryService.Api", "DirectoryService.Api\DirectoryService.Api.csproj", "{8DF343AC-6BEA-4681-B6E5-A714BD1D2DCA}"
EndProject
Project("{FAE04EC0-301F-11D3-BF4B-00C04F79EFBC}") = "ReportService.Api", "ReportService.Api\ReportService.Api.csproj", "{AA04B831-B7B6-47A6-A326-22A52549FE5E}"
EndProject
Global
	GlobalSection(SolutionConfigurationPlatforms) = preSolution
		Debug|Any CPU = Debug|Any CPU
		Release|Any CPU = Release|Any CPU
	EndGlobalSection
	GlobalSection(ProjectConfigurationPlatforms) = postSolution
		{0B75D275-AB15-498C-B819-62B548867310}.Debug|Any CPU.ActiveCfg = Debug|Any CPU
		{0B75D275-AB15-498C-B819-62B548867310}.Debug|Any CPU.Build.0 = Debug|Any CPU
		{0B75D275-AB15-498C-B819-62B548867310}.Release|Any CPU.ActiveCfg = Release|Any CPU
		{0B75D275-AB15-498C-B819-62B548867310}.Release|Any CPU.Build.0 = Release|Any CPU
		{95006878-F552-4238-9AAA-B92E29B46880}.Debug|Any CPU.ActiveCfg = Debug|Any CPU
		{95006878-F552-4238-9AAA-B92E29B46880}.Debug|Any CPU.Build.0 = Debug|Any CPU
		{95006878-F552-4238-9AAA-B92E29B46880}.Release|Any CPU.ActiveCfg = Release|Any CPU
		{95006878-F552-4238-9AAA-B92E29B46880}.Release|Any CPU.Build.0 = Release|Any CPU
		{7DC40A4E-6FB9-4593-97F8-50B9EFDC5886}.Debug|Any CPU.ActiveCfg = Debug|Any CPU
		{7DC40A4E-6FB9-4593-97F8-50B9EFDC5886}.Debug|Any CPU.Build.0 = Debug|Any CPU
		{7DC40A4E-6FB9-4593-97F8-50B9EFDC5886}.Release|Any CPU.ActiveCfg = Release|Any CPU
		{7DC40A4E-6FB9-4593-97F8-50B9EFDC5886}.Release|Any CPU.Build.0 = Release|Any CPU
		{9B4BB57B-5B32-438C-B067-E028EBB1E406}.Debug|Any CPU.ActiveCfg = Debug|Any CPU
		{9B4BB57B-5B32-438C-B067-E028EBB1E406}.Debug|Any CPU.Build.0 = Debug|Any CPU
		{9B4BB57B-5B32-438C-B067-E028EBB1E406}.Release|Any CPU.ActiveCfg = Release|Any CPU
		{9B4BB57B-5B32-438C-B067-E028EBB1E406}.Release|Any CPU.Build.0 = Release|Any CPU
		{C02777C8-A8E5-48CD-8B0A-7D787824289E}.Debug|Any CPU.ActiveCfg = Debug|Any CPU
		{C02777C8-A8E5-48CD-8B0A-7D787824289E}.Debug|Any CPU.Build.0 = Debug|Any CPU
		{C02777C8-A8E5-48CD-8B0A-7D787824289E}.Release|Any CPU.ActiveCfg = Release|Any CPU
		{C02777C8-A8E5-48CD-8B0A-7D787824289E}.Release|Any CPU.Build.0 = Release|Any CPU
		{2978BAA9-1BA1-43F8-9D9D-6140FDC4A727}.Debug|Any CPU.ActiveCfg = Debug|Any CPU
		{2978BAA9-1BA1-43F8-9D9D-6140FDC4A727}.Debug|Any CPU.Build.0 = Debug|Any CPU
		{2978BAA9-1BA1-43F8-9D9D-6140FDC4A727}.Release|Any CPU.ActiveCfg = Release|Any CPU
		{2978BAA9-1BA1-43F8-9D9D-6140FDC4A727}.Release|Any CPU.Build.0 = Release|Any CPU
		{5E1E9448-F123-413C-94DF-E2CDD64DBF4C}.Debug|Any CPU.ActiveCfg = Debug|Any CPU
		{5E1E9448-F123-413C-94DF-E2CDD64DBF4C}.Debug|Any CPU.Build.0 = Debug|Any CPU
		{5E1E9448-F123-413C-94DF-E2CDD64DBF4C}.Release|Any CPU.ActiveCfg = Release|Any CPU
		{5E1E9448-F123-413C-94DF-E2CDD64DBF4C}.Release|Any CPU.Build.0 = Release|Any CPU
		{9008FCB6-1175-4065-992D-DFD803FA9940}.Debug|Any CPU.ActiveCfg = Debug|Any CPU
		{9008FCB6-1175-4065-992D-DFD803FA9940}.Debug|Any CPU.Build.0 = Debug|Any CPU
		{9008FCB6-1175-4065-992D-DFD803FA9940}.Release|Any CPU.ActiveCfg = Release|Any CPU
		{9008FCB6-1175-4065-992D-DFD803FA9940}.Release|Any CPU.Build.0 = Release|Any CPU
		{20C33377-CA6D-4650-AF02-009EB8008DB4}.Debug|Any CPU.ActiveCfg = Debug|Any CPU
		{20C33377-CA6D-4650-AF02-009EB8008DB4}.Debug|Any CPU.Build.0 = Debug|Any CPU
		{20C33377-CA6D-4650-AF02-009EB8008DB4}.Release|Any CPU.ActiveCfg = Release|Any CPU
		{20C33377-CA6D-4650-AF02-009EB8008DB4}.Release|Any CPU.Build.0 = Release|Any CPU
		{252E894B-B6E3-4E34-BD7E-9B3FEEDE37F1}.Debug|Any CPU.ActiveCfg = Debug|Any CPU
		{252E894B-B6E3-4E34-BD7E-9B3FEEDE37F1}.Debug|Any CPU.Build.0 = Debug|Any CPU
		{252E894B-B6E3-4E34-BD7E-9B3FEEDE37F1}.Release|Any CPU.ActiveCfg = Release|Any CPU
		{252E894B-B6E3-4E34-BD7E-9B3FEEDE37F1}.Release|Any CPU.Build.0 = Release|Any CPU
		{E245A9AA-7913-4A63-B7E3-A34F03BC06AF}.Debug|Any CPU.ActiveCfg = Debug|Any CPU
		{E245A9AA-7913-4A63-B7E3-A34F03BC06AF}.Debug|Any CPU.Build.0 = Debug|Any CPU
		{E245A9AA-7913-4A63-B7E3-A34F03BC06AF}.Release|Any CPU.ActiveCfg = Release|Any CPU
		{E245A9AA-7913-4A63-B7E3-A34F03BC06AF}.Release|Any CPU.Build.0 = Release|Any CPU
		{A2B95D0A-4269-4564-B6A2-A7FB227FA34C}.Debug|Any CPU.ActiveCfg = Debug|Any CPU
		{A2B95D0A-4269-4564-B6A2-A7FB227FA34C}.Debug|Any CPU.Build.0 = Debug|Any CPU
		{A2B95D0A-4269-4564-B6A2-A7FB227FA34C}.Release|Any CPU.ActiveCfg = Release|Any CPU
		{A2B95D0A-4269-4564-B6A2-A7FB227FA34C}.Release|Any CPU.Build.0 = Release|Any CPU
		{4C876944-C200-4515-A8FD-DF9D4D89004A}.Debug|Any CPU.ActiveCfg = Debug|Any CPU
		{4C876944-C200-4515-A8FD-DF9D4D89004A}.Debug|Any CPU.Build.0 = Debug|Any CPU
		{4C876944-C200-4515-A8FD-DF9D4D89004A}.Release|Any CPU.ActiveCfg = Release|Any CPU
		{4C876944-C200-4515-A8FD-DF9D4D89004A}.Release|Any CPU.Build.0 = Release|Any CPU
		{8DF343AC-6BEA-4681-B6E5-A714BD1D2DCA}.Debug|Any CPU.ActiveCfg = Debug|Any CPU
		{8DF343AC-6BEA-4681-B6E5-A714BD1D2DCA}.Debug|Any CPU.Build.0 = Debug|Any CPU
		{8DF343AC-6BEA-4681-B6E5-A714BD1D2DCA}.Release|Any CPU.ActiveCfg = Release|Any CPU
		{8DF343AC-6BEA-4681-B6E5-A714BD1D2DCA}.Release|Any CPU.Build.0 = Release|Any CPU
		{AA04B831-B7B6-47A6-A326-22A52549FE5E}.Debug|Any CPU.ActiveCfg = Debug|Any CPU
		{AA04B831-B7B6-47A6-A326-22A52549FE5E}.Debug|Any CPU.Build.0 = Debug|Any CPU
		{AA04B831-B7B6-47A6-A326-22A52549FE5E}.Release|Any CPU.ActiveCfg = Release|Any CPU
		{AA04B831-B7B6-47A6-A326-22A52549FE5E}.Release|Any CPU.Build.0 = Release|Any CPU
	EndGlobalSection
	GlobalSection(SolutionProperties) = preSolution
		HideSolutionNode = FALSE
	EndGlobalSection
	GlobalSection(NestedProjects) = preSolution
		{51003A93-8A47-4547-B9BB-129BE72389A3} = {48D2AC16-D6E2-41C2-BE4E-BD8A7DA1F801}
		{420E0716-D022-4263-8ED1-81CC499FDDE7} = {48D2AC16-D6E2-41C2-BE4E-BD8A7DA1F801}
		{67476477-E0E6-44F7-A8D0-E67E93A62D37} = {48D2AC16-D6E2-41C2-BE4E-BD8A7DA1F801}
		{0F011FE9-E4E4-49D1-963B-F72B60EC8041} = {67476477-E0E6-44F7-A8D0-E67E93A62D37}
		{BB44622D-D755-413E-B960-F60C1B938316} = {67476477-E0E6-44F7-A8D0-E67E93A62D37}
		{0B75D275-AB15-498C-B819-62B548867310} = {BB44622D-D755-413E-B960-F60C1B938316}
		{95006878-F552-4238-9AAA-B92E29B46880} = {0F011FE9-E4E4-49D1-963B-F72B60EC8041}
		{7DC40A4E-6FB9-4593-97F8-50B9EFDC5886} = {420E0716-D022-4263-8ED1-81CC499FDDE7}
		{9B4BB57B-5B32-438C-B067-E028EBB1E406} = {420E0716-D022-4263-8ED1-81CC499FDDE7}
		{C02777C8-A8E5-48CD-8B0A-7D787824289E} = {420E0716-D022-4263-8ED1-81CC499FDDE7}
		{901E0FD1-8364-4ACC-82F6-DB8CADD5383E} = {51003A93-8A47-4547-B9BB-129BE72389A3}
		{078838DB-8163-4306-8A20-897908C3FDA6} = {51003A93-8A47-4547-B9BB-129BE72389A3}
		{0EF05482-951C-4BB0-8553-B94D9B952A7F} = {901E0FD1-8364-4ACC-82F6-DB8CADD5383E}
		{2978BAA9-1BA1-43F8-9D9D-6140FDC4A727} = {0EF05482-951C-4BB0-8553-B94D9B952A7F}
		{5E1E9448-F123-413C-94DF-E2CDD64DBF4C} = {0EF05482-951C-4BB0-8553-B94D9B952A7F}
		{9008FCB6-1175-4065-992D-DFD803FA9940} = {0EF05482-951C-4BB0-8553-B94D9B952A7F}
		{60BFB11B-EFC2-4909-BD44-9DDC68E643B4} = {078838DB-8163-4306-8A20-897908C3FDA6}
		{20C33377-CA6D-4650-AF02-009EB8008DB4} = {60BFB11B-EFC2-4909-BD44-9DDC68E643B4}
		{252E894B-B6E3-4E34-BD7E-9B3FEEDE37F1} = {60BFB11B-EFC2-4909-BD44-9DDC68E643B4}
		{E245A9AA-7913-4A63-B7E3-A34F03BC06AF} = {60BFB11B-EFC2-4909-BD44-9DDC68E643B4}
		{B3E468F4-FA8C-411F-B668-333EC79C8241} = {B18EBD30-5FD7-421A-A401-D764EB2F6D13}
		{A2B95D0A-4269-4564-B6A2-A7FB227FA34C} = {B3E468F4-FA8C-411F-B668-333EC79C8241}
		{985ECF17-86DA-49A3-8BA5-700D40A430B0} = {B18EBD30-5FD7-421A-A401-D764EB2F6D13}
		{4C876944-C200-4515-A8FD-DF9D4D89004A} = {985ECF17-86DA-49A3-8BA5-700D40A430B0}
		{8DF343AC-6BEA-4681-B6E5-A714BD1D2DCA} = {0EF05482-951C-4BB0-8553-B94D9B952A7F}
		{AA04B831-B7B6-47A6-A326-22A52549FE5E} = {60BFB11B-EFC2-4909-BD44-9DDC68E643B4}
	EndGlobalSection
	GlobalSection(ExtensibilityGlobals) = postSolution
		SolutionGuid = {80C60302-5BF9-4EA2-AFAA-DCAE2ADF9AFF}
	EndGlobalSection
EndGlobal
